{
  "name": "@power-industries/datastorejs",
  "version": "0.1.0",
  "lockfileVersion": 1,
  "requires": true,
  "dependencies": {
    "@power-industries/schemajs": {
      "version": "1.2.0",
      "resolved": "https://registry.npmjs.org/@power-industries/schemajs/-/schemajs-1.2.0.tgz",
      "integrity": "sha512-kPdf/1NIlTM8elH4/WQyh+EBOEj5xpPeT1hm5oLO8TA4OvFhcbkYVdnNZ9mMqkQ1oxd/g1J0Ha2TirJffz5eWw==",
      "requires": {
        "@power-industries/typejs": "^1.0.0"
      }
    },
    "@power-industries/typejs": {
      "version": "1.1.1",
      "resolved": "https://registry.npmjs.org/@power-industries/typejs/-/typejs-1.1.1.tgz",
      "integrity": "sha512-ZFDjOKXcbM2eGFTSnaHr9R+Y09tNFAyuyQ50Wczf4NznssOXNDAs84I3KKRlP/O7oXUhtpz3DDxCApnpa3WBSg=="
    },
    "@types/node": {
      "version": "14.11.1",
      "resolved": "https://registry.npmjs.org/@types/node/-/node-14.11.1.tgz",
      "integrity": "sha512-oTQgnd0hblfLsJ6BvJzzSL+Inogp3lq9fGgqRkMB/ziKMgEUaFl801OncOzUmalfzt14N0oPHMK47ipl+wbTIw==",
      "dev": true
    },
    "@types/uuid": {
      "version": "8.3.0",
      "resolved": "https://registry.npmjs.org/@types/uuid/-/uuid-8.3.0.tgz",
      "integrity": "sha512-eQ9qFW/fhfGJF8WKHGEHZEyVWfZxrT+6CLIJGBcZPfxUh/+BnEj+UCGYMlr9qZuX/2AltsvwrGqp0LhEW8D0zQ==",
      "dev": true
    },
    "uuid": {
      "version": "8.3.0",
      "resolved": "https://registry.npmjs.org/uuid/-/uuid-8.3.0.tgz",
      "integrity": "sha512-fX6Z5o4m6XsXBdli9g7DtWgAx+osMsRRZFKma1mIUsLCz6vRvv+pz5VNbyu9UEDzpMWulZfvpgb/cmDXVulYFQ=="
    }
  }
}
